PODS:
  - DynamicAppConfig (1.3.1)

DEPENDENCIES:
  - DynamicAppConfig (from `../../`)

EXTERNAL SOURCES:
  DynamicAppConfig:
    :path: "../../"

SPEC CHECKSUMS:
  DynamicAppConfig: 9e15c3e594d9ef31cb70c1f434fa88f8c39019e0

PODFILE CHECKSUM: 79e308523c8fc52743ffa5d4cef5c6dbd80b623b

COCOAPODS: 1.6.1
