PODS:
  - DynamicAppConfig (1.2.0)

DEPENDENCIES:
  - DynamicAppConfig (from `../../`)

EXTERNAL SOURCES:
  DynamicAppConfig:
    :path: "../../"

SPEC CHECKSUMS:
  DynamicAppConfig: fd1db85e1b294aa7faacce8bdc50a888efd405a4

PODFILE CHECKSUM: cb373a2b4314e0581791a6d5de43643c6092c08d

COCOAPODS: 1.5.3
