PODS:
  - DynamicAppConfig (1.2.2)

DEPENDENCIES:
  - DynamicAppConfig (from `../../`)

EXTERNAL SOURCES:
  DynamicAppConfig:
    :path: "../../"

SPEC CHECKSUMS:
  DynamicAppConfig: d820a015daf889b946440e5d0da69106a6e30da9

PODFILE CHECKSUM: cb373a2b4314e0581791a6d5de43643c6092c08d

COCOAPODS: 1.5.3
